
Microsoft Visual Studio Solution File, Format Version 12.00
# Visual Studio Version 17
VisualStudioVersion = 17.7.34302.85
MinimumVisualStudioVersion = 10.0.40219.1
Project("{9A19103F-16F7-4668-BE54-9A1E7A4F7556}") = "PosTech.Consultorio.Api", "PosTech.Consultorio.Api\PosTech.Consultorio.Api.csproj", "{283AA655-3626-4E6D-AF5A-95DBAF3EBA5D}"
EndProject
Project("{9A19103F-16F7-4668-BE54-9A1E7A4F7556}") = "PosTech.Consultorio.Controllers", "PosTech.Consultorio.Controllers\PosTech.Consultorio.Controllers.csproj", "{EC47BF61-966C-4A0E-B97E-8D6F4D700CB7}"
EndProject
Project("{9A19103F-16F7-4668-BE54-9A1E7A4F7556}") = "PosTech.Consultorio.Entities", "PosTech.Consultorio.Entities\PosTech.Consultorio.Entities.csproj", "{69DF0C16-5BBF-45B0-9464-AD44286DD8CA}"
EndProject
Project("{9A19103F-16F7-4668-BE54-9A1E7A4F7556}") = "PosTech.Consultorio.Gateways", "PosTech.Consultorio.Gateways\PosTech.Consultorio.Gateways.csproj", "{4796BBBC-EA1C-4AA8-82EF-3BEB9D97DDEE}"
EndProject
Project("{9A19103F-16F7-4668-BE54-9A1E7A4F7556}") = "PosTech.Consultorio.Interfaces", "PosTech.Consultorio.Interfaces\PosTech.Consultorio.Interfaces.csproj", "{DE061702-0AAD-4C92-A8F1-6AFC468D6FA6}"
EndProject
Project("{9A19103F-16F7-4668-BE54-9A1E7A4F7556}") = "PosTech.Consultorio.UseCases", "PosTech.Consultorio.UseCases\PosTech.Consultorio.UseCases.csproj", "{5FB1DA00-9BDD-49BE-AF5E-630F4F5F592B}"
EndProject
Project("{9A19103F-16F7-4668-BE54-9A1E7A4F7556}") = "PosTech.Consultorio.DAO", "PosTech.Consultorio.DAO\PosTech.Consultorio.DAO.csproj", "{B78ED190-8CD1-4406-8B11-E565608B7B14}"
EndProject
Project("{9A19103F-16F7-4668-BE54-9A1E7A4F7556}") = "PosTech.Consultorio.Adapters", "PosTech.Consultorio.Adapters\PosTech.Consultorio.Adapters.csproj", "{892ABBE5-3033-472A-97F4-F67B181F8B64}"
EndProject
Project("{2150E333-8FDC-42A3-9474-1A3956D46DE8}") = "Resources", "Resources", "{18FA114B-1BEA-4DC7-8E90-FBFEF7B44EB1}"
EndProject
Project("{9A19103F-16F7-4668-BE54-9A1E7A4F7556}") = "PosTech.Consultorio.Resource.NoSql", "PosTech.Consultorio.Resource.NoSql\PosTech.Consultorio.Resource.NoSql.csproj", "{CBD3AEE1-CB63-4C4A-8F7C-8286ACF8FFA0}"
EndProject
Project("{2150E333-8FDC-42A3-9474-1A3956D46DE8}") = "API", "API", "{327A0F55-6AFA-4E7C-91F2-B6D1F0E271B9}"
EndProject
Project("{2150E333-8FDC-42A3-9474-1A3956D46DE8}") = "Interface", "Interface", "{C5E5DF51-01E8-4188-9299-F9CFF7BFA956}"
EndProject
Project("{2150E333-8FDC-42A3-9474-1A3956D46DE8}") = "Gateway", "Gateway", "{ABB401D1-FF1A-42CE-A236-04A867F2E78E}"
EndProject
Project("{2150E333-8FDC-42A3-9474-1A3956D46DE8}") = "Controller", "Controller", "{F27EE901-88FF-4282-8205-D9916ACBA01F}"
EndProject
Project("{2150E333-8FDC-42A3-9474-1A3956D46DE8}") = "Presenter", "Presenter", "{F478258B-03F3-478E-A88E-6ADB3F0A2F5A}"
EndProject
Project("{2150E333-8FDC-42A3-9474-1A3956D46DE8}") = "UseCase", "UseCase", "{199B531F-FFEA-48EE-9853-22C731E0467A}"
EndProject
Project("{2150E333-8FDC-42A3-9474-1A3956D46DE8}") = "Entity", "Entity", "{E13D921D-17E7-4009-AF3F-E2733038626B}"
EndProject
Project("{2150E333-8FDC-42A3-9474-1A3956D46DE8}") = "Tests", "Tests", "{F098F9FF-C5C5-4E17-A50C-F868419C7A8D}"
EndProject
Project("{FAE04EC0-301F-11D3-BF4B-00C04F79EFBC}") = "PosTech.Consultorio.Tests", "PosTech.Consultorio.Tests\PosTech.Consultorio.Tests.csproj", "{93D7D3FD-087E-4FC5-A837-656B93D96CE2}"
EndProject
Global
	GlobalSection(SolutionConfigurationPlatforms) = preSolution
		Debug|Any CPU = Debug|Any CPU
		Release|Any CPU = Release|Any CPU
	EndGlobalSection
	GlobalSection(ProjectConfigurationPlatforms) = postSolution
		{283AA655-3626-4E6D-AF5A-95DBAF3EBA5D}.Debug|Any CPU.ActiveCfg = Debug|Any CPU
		{283AA655-3626-4E6D-AF5A-95DBAF3EBA5D}.Debug|Any CPU.Build.0 = Debug|Any CPU
		{283AA655-3626-4E6D-AF5A-95DBAF3EBA5D}.Release|Any CPU.ActiveCfg = Release|Any CPU
		{283AA655-3626-4E6D-AF5A-95DBAF3EBA5D}.Release|Any CPU.Build.0 = Release|Any CPU
		{EC47BF61-966C-4A0E-B97E-8D6F4D700CB7}.Debug|Any CPU.ActiveCfg = Debug|Any CPU
		{EC47BF61-966C-4A0E-B97E-8D6F4D700CB7}.Debug|Any CPU.Build.0 = Debug|Any CPU
		{EC47BF61-966C-4A0E-B97E-8D6F4D700CB7}.Release|Any CPU.ActiveCfg = Release|Any CPU
		{EC47BF61-966C-4A0E-B97E-8D6F4D700CB7}.Release|Any CPU.Build.0 = Release|Any CPU
		{69DF0C16-5BBF-45B0-9464-AD44286DD8CA}.Debug|Any CPU.ActiveCfg = Debug|Any CPU
		{69DF0C16-5BBF-45B0-9464-AD44286DD8CA}.Debug|Any CPU.Build.0 = Debug|Any CPU
		{69DF0C16-5BBF-45B0-9464-AD44286DD8CA}.Release|Any CPU.ActiveCfg = Release|Any CPU
		{69DF0C16-5BBF-45B0-9464-AD44286DD8CA}.Release|Any CPU.Build.0 = Release|Any CPU
		{4796BBBC-EA1C-4AA8-82EF-3BEB9D97DDEE}.Debug|Any CPU.ActiveCfg = Debug|Any CPU
		{4796BBBC-EA1C-4AA8-82EF-3BEB9D97DDEE}.Debug|Any CPU.Build.0 = Debug|Any CPU
		{4796BBBC-EA1C-4AA8-82EF-3BEB9D97DDEE}.Release|Any CPU.ActiveCfg = Release|Any CPU
		{4796BBBC-EA1C-4AA8-82EF-3BEB9D97DDEE}.Release|Any CPU.Build.0 = Release|Any CPU
		{DE061702-0AAD-4C92-A8F1-6AFC468D6FA6}.Debug|Any CPU.ActiveCfg = Debug|Any CPU
		{DE061702-0AAD-4C92-A8F1-6AFC468D6FA6}.Debug|Any CPU.Build.0 = Debug|Any CPU
		{DE061702-0AAD-4C92-A8F1-6AFC468D6FA6}.Release|Any CPU.ActiveCfg = Release|Any CPU
		{DE061702-0AAD-4C92-A8F1-6AFC468D6FA6}.Release|Any CPU.Build.0 = Release|Any CPU
		{5FB1DA00-9BDD-49BE-AF5E-630F4F5F592B}.Debug|Any CPU.ActiveCfg = Debug|Any CPU
		{5FB1DA00-9BDD-49BE-AF5E-630F4F5F592B}.Debug|Any CPU.Build.0 = Debug|Any CPU
		{5FB1DA00-9BDD-49BE-AF5E-630F4F5F592B}.Release|Any CPU.ActiveCfg = Release|Any CPU
		{5FB1DA00-9BDD-49BE-AF5E-630F4F5F592B}.Release|Any CPU.Build.0 = Release|Any CPU
		{B78ED190-8CD1-4406-8B11-E565608B7B14}.Debug|Any CPU.ActiveCfg = Debug|Any CPU
		{B78ED190-8CD1-4406-8B11-E565608B7B14}.Debug|Any CPU.Build.0 = Debug|Any CPU
		{B78ED190-8CD1-4406-8B11-E565608B7B14}.Release|Any CPU.ActiveCfg = Release|Any CPU
		{B78ED190-8CD1-4406-8B11-E565608B7B14}.Release|Any CPU.Build.0 = Release|Any CPU
		{892ABBE5-3033-472A-97F4-F67B181F8B64}.Debug|Any CPU.ActiveCfg = Debug|Any CPU
		{892ABBE5-3033-472A-97F4-F67B181F8B64}.Debug|Any CPU.Build.0 = Debug|Any CPU
		{892ABBE5-3033-472A-97F4-F67B181F8B64}.Release|Any CPU.ActiveCfg = Release|Any CPU
		{892ABBE5-3033-472A-97F4-F67B181F8B64}.Release|Any CPU.Build.0 = Release|Any CPU
		{CBD3AEE1-CB63-4C4A-8F7C-8286ACF8FFA0}.Debug|Any CPU.ActiveCfg = Debug|Any CPU
		{CBD3AEE1-CB63-4C4A-8F7C-8286ACF8FFA0}.Debug|Any CPU.Build.0 = Debug|Any CPU
		{CBD3AEE1-CB63-4C4A-8F7C-8286ACF8FFA0}.Release|Any CPU.ActiveCfg = Release|Any CPU
		{CBD3AEE1-CB63-4C4A-8F7C-8286ACF8FFA0}.Release|Any CPU.Build.0 = Release|Any CPU
		{93D7D3FD-087E-4FC5-A837-656B93D96CE2}.Debug|Any CPU.ActiveCfg = Debug|Any CPU
		{93D7D3FD-087E-4FC5-A837-656B93D96CE2}.Debug|Any CPU.Build.0 = Debug|Any CPU
		{93D7D3FD-087E-4FC5-A837-656B93D96CE2}.Release|Any CPU.ActiveCfg = Release|Any CPU
		{93D7D3FD-087E-4FC5-A837-656B93D96CE2}.Release|Any CPU.Build.0 = Release|Any CPU
	EndGlobalSection
	GlobalSection(SolutionProperties) = preSolution
		HideSolutionNode = FALSE
	EndGlobalSection
	GlobalSection(NestedProjects) = preSolution
		{283AA655-3626-4E6D-AF5A-95DBAF3EBA5D} = {327A0F55-6AFA-4E7C-91F2-B6D1F0E271B9}
		{EC47BF61-966C-4A0E-B97E-8D6F4D700CB7} = {F27EE901-88FF-4282-8205-D9916ACBA01F}
		{69DF0C16-5BBF-45B0-9464-AD44286DD8CA} = {E13D921D-17E7-4009-AF3F-E2733038626B}
		{4796BBBC-EA1C-4AA8-82EF-3BEB9D97DDEE} = {ABB401D1-FF1A-42CE-A236-04A867F2E78E}
		{DE061702-0AAD-4C92-A8F1-6AFC468D6FA6} = {C5E5DF51-01E8-4188-9299-F9CFF7BFA956}
		{5FB1DA00-9BDD-49BE-AF5E-630F4F5F592B} = {199B531F-FFEA-48EE-9853-22C731E0467A}
		{B78ED190-8CD1-4406-8B11-E565608B7B14} = {F478258B-03F3-478E-A88E-6ADB3F0A2F5A}
		{892ABBE5-3033-472A-97F4-F67B181F8B64} = {F478258B-03F3-478E-A88E-6ADB3F0A2F5A}
		{CBD3AEE1-CB63-4C4A-8F7C-8286ACF8FFA0} = {18FA114B-1BEA-4DC7-8E90-FBFEF7B44EB1}
		{93D7D3FD-087E-4FC5-A837-656B93D96CE2} = {F098F9FF-C5C5-4E17-A50C-F868419C7A8D}
	EndGlobalSection
	GlobalSection(ExtensibilityGlobals) = postSolution
		SolutionGuid = {09742E18-27CB-4C5C-9C18-18E60773D2FB}
	EndGlobalSection
EndGlobal
